PODS:
  - UIViewController-DisplayInDrawer (0.1.0)

DEPENDENCIES:
  - UIViewController-DisplayInDrawer (from `../`)

EXTERNAL SOURCES:
  UIViewController-DisplayInDrawer:
    :path: "../"

SPEC CHECKSUMS:
  UIViewController-DisplayInDrawer: 61f7f8442e5807d7f4ca1baeb94d544b1e0b0cf2

PODFILE CHECKSUM: b90b887318da9d26593eba7d1999d3632ffbe544

COCOAPODS: 1.5.3
