PODS:
  - UIViewController-DisplayInDrawer (1.0.0)

DEPENDENCIES:
  - UIViewController-DisplayInDrawer (from `../`)

EXTERNAL SOURCES:
  UIViewController-DisplayInDrawer:
    :path: "../"

SPEC CHECKSUMS:
  UIViewController-DisplayInDrawer: c131b40d8c18c7d1847ff9ccef078f4c34fe8c37

PODFILE CHECKSUM: b90b887318da9d26593eba7d1999d3632ffbe544

COCOAPODS: 1.8.4
